{
  "name": "@scania/tegel-angular-17",
  "version": "1.14.1",
  "lockfileVersion": 3,
  "requires": true,
  "packages": {
    "": {
      "name": "@scania/tegel-angular-17",
      "version": "1.14.1",
      "dependencies": {
        "tslib": "^2.3.0"
      },
      "peerDependencies": {
        "@angular/common": ">=17.0.0",
        "@angular/core": ">=17.0.0",
        "@scania/tegel": "1.14.0"
      }
    },
    "node_modules/@angular/common": {
      "version": "18.1.3",
      "resolved": "https://registry.npmjs.org/@angular/common/-/common-18.1.3.tgz",
      "integrity": "sha512-TC71jVph4L+QaXlyJTrW27nbqis4sWwr9hD/RDSNkfY9XCvYDb2MjYjKrpbN03FWiv7lmcKT9zgse1fYENFsKQ==",
      "peer": true,
      "dependencies": {
        "tslib": "^2.3.0"
      },
      "engines": {
        "node": "^18.19.1 || ^20.11.1 || >=22.0.0"
      },
      "peerDependencies": {
        "@angular/core": "18.1.3",
        "rxjs": "^6.5.3 || ^7.4.0"
      }
    },
    "node_modules/@angular/core": {
      "version": "18.1.3",
      "resolved": "https://registry.npmjs.org/@angular/core/-/core-18.1.3.tgz",
      "integrity": "sha512-1tFTyGLwio5oYAP2sMVDiOvy5wl/v0a4om7RTCpP2Bjro0ynuYe8FK7ilcmdyPXR1DF7GVdo/0R/eCIQJZ2PwA==",
      "peer": true,
      "dependencies": {
        "tslib": "^2.3.0"
      },
      "engines": {
        "node": "^18.19.1 || ^20.11.1 || >=22.0.0"
      },
      "peerDependencies": {
        "rxjs": "^6.5.3 || ^7.4.0",
        "zone.js": "~0.14.0"
      }
    },
    "node_modules/@babel/runtime": {
      "version": "7.25.0",
      "resolved": "https://registry.npmjs.org/@babel/runtime/-/runtime-7.25.0.tgz",
      "integrity": "sha512-7dRy4DwXwtzBrPbZflqxnvfxLF8kdZXPkhymtDeFoFqE6ldzjQFgYTtYIFARcLEYDrqfBfYcZt1WqFxRoyC9Rw==",
      "peer": true,
      "dependencies": {
        "regenerator-runtime": "^0.14.0"
      },
      "engines": {
        "node": ">=6.9.0"
      }
    },
    "node_modules/@popperjs/core": {
      "version": "2.11.8",
      "resolved": "https://registry.npmjs.org/@popperjs/core/-/core-2.11.8.tgz",
      "integrity": "sha512-P1st0aksCrn9sGZhp8GMYwBnQsbvAWsZAX44oXNNvLHGqAOcoVxmjZiohstwQ7SqKnbR47akdNi+uleWD8+g6A==",
      "peer": true,
      "funding": {
        "type": "opencollective",
        "url": "https://opencollective.com/popperjs"
      }
    },
    "node_modules/@scania/tegel": {
      "version": "1.14.0",
      "resolved": "https://registry.npmjs.org/@scania/tegel/-/tegel-1.14.0.tgz",
      "integrity": "sha512-a3KjAj2RH5hWbZUoHxCldHoSE+rARORoTVYj+etzDGxjf9QmcE2ngbr7wHJk97jVrVUmK7oh7UQ5FGwP4LL2ig==",
      "peer": true,
      "dependencies": {
        "@popperjs/core": "2.11.8",
        "@stencil/core": "4.19.2",
        "date-fns": "2.30.0",
        "prettier": "2.7.1"
      }
    },
    "node_modules/@stencil/core": {
      "version": "4.19.2",
      "resolved": "https://registry.npmjs.org/@stencil/core/-/core-4.19.2.tgz",
      "integrity": "sha512-ZdnbHmHEl8E5vN0GWDtONe5w6j3CrSqqxZM4hNLBPkV/aouWKug7D5/Mi6RazfYO5U4fmHQYLwMz60rHcx0G4g==",
      "peer": true,
      "bin": {
        "stencil": "bin/stencil"
      },
      "engines": {
        "node": ">=16.0.0",
        "npm": ">=7.10.0"
      }
    },
    "node_modules/date-fns": {
      "version": "2.30.0",
      "resolved": "https://registry.npmjs.org/date-fns/-/date-fns-2.30.0.tgz",
      "integrity": "sha512-fnULvOpxnC5/Vg3NCiWelDsLiUc9bRwAPs/+LfTLNvetFCtCTN+yQz15C/fs4AwX1R9K5GLtLfn8QW+dWisaAw==",
      "peer": true,
      "dependencies": {
        "@babel/runtime": "^7.21.0"
      },
      "engines": {
        "node": ">=0.11"
      },
      "funding": {
        "type": "opencollective",
        "url": "https://opencollective.com/date-fns"
      }
    },
    "node_modules/prettier": {
      "version": "2.7.1",
      "resolved": "https://registry.npmjs.org/prettier/-/prettier-2.7.1.tgz",
      "integrity": "sha512-ujppO+MkdPqoVINuDFDRLClm7D78qbDt0/NR+wp5FqEZOoTNAjPHWj17QRhu7geIHJfcNhRk1XVQmF8Bp3ye+g==",
      "peer": true,
      "bin": {
        "prettier": "bin-prettier.js"
      },
      "engines": {
        "node": ">=10.13.0"
      },
      "funding": {
        "url": "https://github.com/prettier/prettier?sponsor=1"
      }
    },
    "node_modules/regenerator-runtime": {
      "version": "0.14.1",
      "resolved": "https://registry.npmjs.org/regenerator-runtime/-/regenerator-runtime-0.14.1.tgz",
      "integrity": "sha512-dYnhHh0nJoMfnkZs6GmmhFknAGRrLznOu5nc9ML+EJxGvrx6H7teuevqVqCuPcPK//3eDrrjQhehXVx9cnkGdw==",
      "peer": true
    },
    "node_modules/rxjs": {
      "version": "7.8.1",
      "resolved": "https://registry.npmjs.org/rxjs/-/rxjs-7.8.1.tgz",
      "integrity": "sha512-AA3TVj+0A2iuIoQkWEK/tqFjBq2j+6PO6Y0zJcvzLAFhEFIO3HL0vls9hWLncZbAAbK0mar7oZ4V079I/qPMxg==",
      "peer": true,
      "dependencies": {
        "tslib": "^2.1.0"
      }
    },
    "node_modules/tslib": {
      "version": "2.6.3",
      "resolved": "https://registry.npmjs.org/tslib/-/tslib-2.6.3.tgz",
      "integrity": "sha512-xNvxJEOUiWPGhUuUdQgAJPKOOJfGnIyKySOc09XkKsgdUV/3E2zvwZYdejjmRgPCgcym1juLH3226yA7sEFJKQ=="
    },
    "node_modules/zone.js": {
      "version": "0.14.8",
      "resolved": "https://registry.npmjs.org/zone.js/-/zone.js-0.14.8.tgz",
      "integrity": "sha512-48uh7MnVp4/OQDuCHeFdXw5d8xwPqFTvlHgPJ1LBFb5GaustLSZV+YUH0to5ygNyGpqTsjpbpt141U/j3pCfqQ==",
      "peer": true
    }
  }
}
